{
  "name": "@sourcemeta/std",
  "version": "0.0.0",
  "lockfileVersion": 3,
  "requires": true,
  "packages": {
    "": {
      "name": "@sourcemeta/std",
      "version": "0.0.0",
      "devDependencies": {
        "@sourcemeta/jsonschema": "^16.2.0"
      }
    },
    "node_modules/@sourcemeta/jsonschema": {
      "version": "16.2.0",
      "resolved": "https://registry.npmjs.org/@sourcemeta/jsonschema/-/jsonschema-16.2.0.tgz",
      "integrity": "sha512-RUhiXdW+WnS8JNeU1ldYktZa7AOBQ+vYm2E+2Oi73zWf7xO6Ql5sfE8tdzq/jf9cWz2Un5ZPpUGX5pA5ofKE+g==",
      "cpu": [
        "x64",
        "arm64"
      ],
      "dev": true,
      "license": "AGPL-3.0",
      "os": [
        "darwin",
        "linux",
        "win32"
      ],
      "bin": {
        "jsonschema": "npm/cli.js"
      },
      "engines": {
        "node": ">=16"
      },
      "funding": {
        "url": "https://github.com/sponsors/sourcemeta"
      }
    }
  }
}
