{
  "name": "@sourcemeta/std",
  "version": "0.3.1",
  "lockfileVersion": 3,
  "requires": true,
  "packages": {
    "": {
      "name": "@sourcemeta/std",
      "version": "0.3.1",
      "license": "UNLICENSED",
      "devDependencies": {
        "@sourcemeta/jsonschema": "^12.7.1"
      },
      "funding": {
        "url": "https://github.com/sponsors/sourcemeta"
      }
    },
    "node_modules/@sourcemeta/jsonschema": {
      "version": "12.7.1",
      "resolved": "https://registry.npmjs.org/@sourcemeta/jsonschema/-/jsonschema-12.7.1.tgz",
      "integrity": "sha512-sFdDTeLMPX1L1ZHQF9lltBzTYWRi2KI4l+KEA+vlThjObc7Y41JWbzacQzWbiOyG6rBufvXJ3dUjGVoeO1Ux6w==",
      "cpu": [
        "x64",
        "arm64"
      ],
      "dev": true,
      "license": "AGPL-3.0",
      "os": [
        "darwin",
        "linux",
        "win32"
      ],
      "bin": {
        "jsonschema": "cli.js"
      },
      "engines": {
        "node": ">=16"
      },
      "funding": {
        "url": "https://github.com/sponsors/sourcemeta"
      }
    }
  }
}
