{
  "name": "@sourcemeta/std",
  "version": "0.3.1",
  "lockfileVersion": 3,
  "requires": true,
  "packages": {
    "": {
      "name": "@sourcemeta/std",
      "version": "0.3.1",
      "license": "UNLICENSED",
      "devDependencies": {
        "@sourcemeta/jsonschema": "^13.1.0"
      },
      "funding": {
        "url": "https://github.com/sponsors/sourcemeta"
      }
    },
    "node_modules/@sourcemeta/jsonschema": {
      "version": "13.1.0",
      "resolved": "https://registry.npmjs.org/@sourcemeta/jsonschema/-/jsonschema-13.1.0.tgz",
      "integrity": "sha512-jTubqHrW2+bt0bjUcI8TNAIToNKH0T6k54ERoC93+yB2EMgQ2mWMvB2f5eIia/IC4XYOkz5zChWKo5mv09+T+w==",
      "cpu": [
        "x64",
        "arm64"
      ],
      "dev": true,
      "license": "AGPL-3.0",
      "os": [
        "darwin",
        "linux",
        "win32"
      ],
      "bin": {
        "jsonschema": "npm/cli.js"
      },
      "engines": {
        "node": ">=16"
      },
      "funding": {
        "url": "https://github.com/sponsors/sourcemeta"
      }
    }
  }
}
